github.com/SentimensRG/ctx v0.0.0-20180729130232-0bfd988c655d h1:CbB/Ef3TyBvSSJx2HDSUiw49ONTpaX6BGiI0jJEX6b8=
github.com/SentimensRG/ctx v0.0.0-20180729130232-0bfd988c655d/go.mod h1:cfn0Ycx1ASzCkl8+04zI4hrclf9YQ1QfncxzFiNtQLo=
github.com/davecgh/go-spew v1.1.1 h1:vj9j/u1bqnvCEfJOwUhtlOARqs3+rkHYY13jYWTU97c=
github.com/davecgh/go-spew v1.1.1/go.mod h1:J7Y8YcW2NihsgmVo/mv3lAwl/skON4iLHjSsI+c5H38=
github.com/mccutchen/go-httpbin/v2 v2.13.1 h1:mDTz2RTD3tugs1BKZM7o6YJsXODYWNvjKZko30B/aWk=
github.com/mccutchen/go-httpbin/v2 v2.13.1/go.mod h1:f4DUXYlU6yH0V81O4lJIwqpmYdTXXmYwzxMnYEimFPk=
github.com/pmezard/go-difflib v1.0.0 h1:4DBwDE0NGyQoBHbLQYPwSUPoCMWR5BEzIk/f1lZbAQM=
github.com/pmezard/go-difflib v1.0.0/go.mod h1:iKH77koFhYxTK1pcRnkKkqfTogsbg7gZNVY4sRDYZ/4=
github.com/stretchr/testify v1.8.4 h1:CcVxjf3Q8PM0mHUKJCdn+eZZtm5yQwehR5yeSVQQcUk=
github.com/stretchr/testify v1.8.4/go.mod h1:sz/lmYIOXD/1dqDmKjjqLyZ2RngseejIcXlSw2iwfAo=
gopkg.in/yaml.v3 v3.0.1 h1:fxVm/GzAzEWqLHuvctI91KS9hhNmmWOoWu0XTYJS7CA=
gopkg.in/yaml.v3 v3.0.1/go.mod h1:K4uyk7z7BCEPqu6E+C64Yfv1cQ7kz7rIZviUmN+EgEM=
